
Microsoft Visual Studio Solution File, Format Version 12.00
# Visual Studio 14
VisualStudioVersion = 14.0.24720.0
MinimumVisualStudioVersion = 10.0.40219.1
Project("{FAE04EC0-301F-11D3-BF4B-00C04F79EFBC}") = "test2", "test2\test2.csproj", "{AE37BC2B-1055-4E2B-8915-AE079846D379}"
EndProject
Global
	GlobalSection(SolutionConfigurationPlatforms) = preSolution
		Debug|Any CPU = Debug|Any CPU
		Release|Any CPU = Release|Any CPU
	EndGlobalSection
	GlobalSection(ProjectConfigurationPlatforms) = postSolution
		{AE37BC2B-1055-4E2B-8915-AE079846D379}.Debug|Any CPU.ActiveCfg = Debug|Any CPU
		{AE37BC2B-1055-4E2B-8915-AE079846D379}.Debug|Any CPU.Build.0 = Debug|Any CPU
		{AE37BC2B-1055-4E2B-8915-AE079846D379}.Release|Any CPU.ActiveCfg = Release|Any CPU
		{AE37BC2B-1055-4E2B-8915-AE079846D379}.Release|Any CPU.Build.0 = Release|Any CPU
	EndGlobalSection
	GlobalSection(SolutionProperties) = preSolution
		HideSolutionNode = FALSE
	EndGlobalSection
EndGlobal
